
Microsoft Visual Studio Solution File, Format Version 12.00
# Visual Studio Version 17
VisualStudioVersion = 17.8.34322.80
MinimumVisualStudioVersion = 10.0.40219.1
Project("{8BC9CEB8-8B4A-11D0-8D11-00A0C91BC942}") = "Client", "Project\Client\Client.vcxproj", "{1311A810-CE1D-46B0-BE45-FDF1F48313B6}"
	ProjectSection(ProjectDependencies) = postProject
		{DDBA3EBC-1B26-4B51-A37C-69B3B37B7B4D} = {DDBA3EBC-1B26-4B51-A37C-69B3B37B7B4D}
	EndProjectSection
EndProject
Project("{8BC9CEB8-8B4A-11D0-8D11-00A0C91BC942}") = "Engine", "Project\Engine\Engine.vcxproj", "{DDBA3EBC-1B26-4B51-A37C-69B3B37B7B4D}"
EndProject
Project("{8BC9CEB8-8B4A-11D0-8D11-00A0C91BC942}") = "Script", "Project\Script\Script.vcxproj", "{8806383C-D5B6-4DFD-962C-D0ED6B8A1688}"
EndProject
Global
	GlobalSection(SolutionConfigurationPlatforms) = preSolution
		Debug|x64 = Debug|x64
		Debug|x86 = Debug|x86
		Release|x64 = Release|x64
		Release|x86 = Release|x86
	EndGlobalSection
	GlobalSection(ProjectConfigurationPlatforms) = postSolution
		{1311A810-CE1D-46B0-BE45-FDF1F48313B6}.Debug|x64.ActiveCfg = Debug|x64
		{1311A810-CE1D-46B0-BE45-FDF1F48313B6}.Debug|x64.Build.0 = Debug|x64
		{1311A810-CE1D-46B0-BE45-FDF1F48313B6}.Debug|x86.ActiveCfg = Debug|Win32
		{1311A810-CE1D-46B0-BE45-FDF1F48313B6}.Debug|x86.Build.0 = Debug|Win32
		{1311A810-CE1D-46B0-BE45-FDF1F48313B6}.Release|x64.ActiveCfg = Release|x64
		{1311A810-CE1D-46B0-BE45-FDF1F48313B6}.Release|x64.Build.0 = Release|x64
		{1311A810-CE1D-46B0-BE45-FDF1F48313B6}.Release|x86.ActiveCfg = Release|Win32
		{1311A810-CE1D-46B0-BE45-FDF1F48313B6}.Release|x86.Build.0 = Release|Win32
		{DDBA3EBC-1B26-4B51-A37C-69B3B37B7B4D}.Debug|x64.ActiveCfg = Debug|x64
		{DDBA3EBC-1B26-4B51-A37C-69B3B37B7B4D}.Debug|x64.Build.0 = Debug|x64
		{DDBA3EBC-1B26-4B51-A37C-69B3B37B7B4D}.Debug|x86.ActiveCfg = Debug|Win32
		{DDBA3EBC-1B26-4B51-A37C-69B3B37B7B4D}.Debug|x86.Build.0 = Debug|Win32
		{DDBA3EBC-1B26-4B51-A37C-69B3B37B7B4D}.Release|x64.ActiveCfg = Release|x64
		{DDBA3EBC-1B26-4B51-A37C-69B3B37B7B4D}.Release|x64.Build.0 = Release|x64
		{DDBA3EBC-1B26-4B51-A37C-69B3B37B7B4D}.Release|x86.ActiveCfg = Release|Win32
		{DDBA3EBC-1B26-4B51-A37C-69B3B37B7B4D}.Release|x86.Build.0 = Release|Win32
		{8806383C-D5B6-4DFD-962C-D0ED6B8A1688}.Debug|x64.ActiveCfg = Debug|x64
		{8806383C-D5B6-4DFD-962C-D0ED6B8A1688}.Debug|x64.Build.0 = Debug|x64
		{8806383C-D5B6-4DFD-962C-D0ED6B8A1688}.Debug|x86.ActiveCfg = Debug|Win32
		{8806383C-D5B6-4DFD-962C-D0ED6B8A1688}.Debug|x86.Build.0 = Debug|Win32
		{8806383C-D5B6-4DFD-962C-D0ED6B8A1688}.Release|x64.ActiveCfg = Release|x64
		{8806383C-D5B6-4DFD-962C-D0ED6B8A1688}.Release|x64.Build.0 = Release|x64
		{8806383C-D5B6-4DFD-962C-D0ED6B8A1688}.Release|x86.ActiveCfg = Release|Win32
		{8806383C-D5B6-4DFD-962C-D0ED6B8A1688}.Release|x86.Build.0 = Release|Win32
	EndGlobalSection
	GlobalSection(SolutionProperties) = preSolution
		HideSolutionNode = FALSE
	EndGlobalSection
	GlobalSection(ExtensibilityGlobals) = postSolution
		SolutionGuid = {D1E06208-AE90-442A-914A-9A2C6C341B64}
	EndGlobalSection
EndGlobal
